// !$*UTF8*$!
{
	archiveVersion = 1;
	classes = {
	};
	objectVersion = 47;
	objects = {

/* Begin PBXBuildFile section */
		C90EAD091BA548480056DBF1 /* Cubellan Bold.ttf in Resources */ = {isa = PBXBuildFile; fileRef = C90EAD051BA547FE0056DBF1 /* Cubellan Bold.ttf */; };
		C90EAD0A1BA5484B0056DBF1 /* Cubellan Italic.ttf in Resources */ = {isa = PBXBuildFile; fileRef = C90EAD061BA547FE0056DBF1 /* Cubellan Italic.ttf */; };
		C90EAD0B1BA5484D0056DBF1 /* Cubellan_SC.ttf in Resources */ = {isa = PBXBuildFile; fileRef = C90EAD071BA547FE0056DBF1 /* Cubellan_SC.ttf */; };
		C90EAD0C1BA5484F0056DBF1 /* Cubellan.ttf in Resources */ = {isa = PBXBuildFile; fileRef = C90EAD081BA547FE0056DBF1 /* Cubellan.ttf */; };
		C93525871B9C247300F280DE /* laser_beam.png in Resources */ = {isa = PBXBuildFile; fileRef = C93525861B9C247300F280DE /* laser_beam.png */; };
		C93C33021B673D3C00A13973 /* Intel.m in Sources */ = {isa = PBXBuildFile; fileRef = C93C33011B673D3C00A13973 /* Intel.m */; };
		C94A58C91B741B22006DCAC0 /* SoundManager.m in Sources */ = {isa = PBXBuildFile; fileRef = C94A58C81B741B22006DCAC0 /* SoundManager.m */; };
		C972FC291B672E5E00871057 /* main.m in Sources */ = {isa = PBXBuildFile; fileRef = C972FC281B672E5E00871057 /* main.m */; };
		C972FC2C1B672E5E00871057 /* AppDelegate.m in Sources */ = {isa = PBXBuildFile; fileRef = C972FC2B1B672E5E00871057 /* AppDelegate.m */; };
		C972FC2F1B672E5E00871057 /* SpaceScene.m in Sources */ = {isa = PBXBuildFile; fileRef = C972FC2E1B672E5E00871057 /* SpaceScene.m */; };
		C972FC341B672E5E00871057 /* GameViewController.m in Sources */ = {isa = PBXBuildFile; fileRef = C972FC331B672E5E00871057 /* GameViewController.m */; };
		C972FC391B672E5E00871057 /* Images.xcassets in Resources */ = {isa = PBXBuildFile; fileRef = C972FC381B672E5E00871057 /* Images.xcassets */; };
		C972FC3C1B672E5E00871057 /* LaunchScreen.xib in Resources */ = {isa = PBXBuildFile; fileRef = C972FC3A1B672E5E00871057 /* LaunchScreen.xib */; };
		C975AD841B67305600219585 /* Math.m in Sources */ = {isa = PBXBuildFile; fileRef = C975AD811B67305600219585 /* Math.m */; };
		C975AD8C1B67306800219585 /* Score.m in Sources */ = {isa = PBXBuildFile; fileRef = C975AD871B67306800219585 /* Score.m */; };
		C975AD8D1B67306800219585 /* Asteroid.m in Sources */ = {isa = PBXBuildFile; fileRef = C975AD891B67306800219585 /* Asteroid.m */; };
		C975AD8E1B67306800219585 /* Explosion.m in Sources */ = {isa = PBXBuildFile; fileRef = C975AD8B1B67306800219585 /* Explosion.m */; };
		C975ADE01B67397800219585 /* intel.png in Resources */ = {isa = PBXBuildFile; fileRef = C975ADDF1B67397800219585 /* intel.png */; };
		C975ADE21B6739A900219585 /* Spaceship!.png in Resources */ = {isa = PBXBuildFile; fileRef = C975ADE11B6739A900219585 /* Spaceship!.png */; };
		C98373F81B6DE8760077B9CA /* Spaceship.m in Sources */ = {isa = PBXBuildFile; fileRef = C98373F71B6DE8760077B9CA /* Spaceship.m */; };
		C992D8611BABC89A003F5753 /* space.jpg in Resources */ = {isa = PBXBuildFile; fileRef = C992D85F1BABC89A003F5753 /* space.jpg */; settings = {ASSET_TAGS = (); }; };
		C9A40DCF1BCB94360030BE13 /* asteroid1.1.png in Resources */ = {isa = PBXBuildFile; fileRef = C9A40DB21BCB94360030BE13 /* asteroid1.1.png */; settings = {ASSET_TAGS = (); }; };
		C9A40DD01BCB94360030BE13 /* asteroid1.2.png in Resources */ = {isa = PBXBuildFile; fileRef = C9A40DB31BCB94360030BE13 /* asteroid1.2.png */; settings = {ASSET_TAGS = (); }; };
		C9A40DD11BCB94360030BE13 /* asteroid1.3.png in Resources */ = {isa = PBXBuildFile; fileRef = C9A40DB41BCB94360030BE13 /* asteroid1.3.png */; settings = {ASSET_TAGS = (); }; };
		C9A40DD21BCB94360030BE13 /* asteroid1.4.png in Resources */ = {isa = PBXBuildFile; fileRef = C9A40DB51BCB94360030BE13 /* asteroid1.4.png */; settings = {ASSET_TAGS = (); }; };
		C9A40DD31BCB94360030BE13 /* asteroid2.1.png in Resources */ = {isa = PBXBuildFile; fileRef = C9A40DB61BCB94360030BE13 /* asteroid2.1.png */; settings = {ASSET_TAGS = (); }; };
		C9A40DD41BCB94360030BE13 /* asteroid2.2.png in Resources */ = {isa = PBXBuildFile; fileRef = C9A40DB71BCB94360030BE13 /* asteroid2.2.png */; settings = {ASSET_TAGS = (); }; };
		C9A40DD51BCB94360030BE13 /* asteroid2.3.png in Resources */ = {isa = PBXBuildFile; fileRef = C9A40DB81BCB94360030BE13 /* asteroid2.3.png */; settings = {ASSET_TAGS = (); }; };
		C9A40DD61BCB94360030BE13 /* asteroid2.4.png in Resources */ = {isa = PBXBuildFile; fileRef = C9A40DB91BCB94360030BE13 /* asteroid2.4.png */; settings = {ASSET_TAGS = (); }; };
		C9A40DD71BCB94360030BE13 /* asteroid3.1.png in Resources */ = {isa = PBXBuildFile; fileRef = C9A40DBA1BCB94360030BE13 /* asteroid3.1.png */; settings = {ASSET_TAGS = (); }; };
		C9A40DD81BCB94360030BE13 /* asteroid3.2.png in Resources */ = {isa = PBXBuildFile; fileRef = C9A40DBB1BCB94360030BE13 /* asteroid3.2.png */; settings = {ASSET_TAGS = (); }; };
		C9A40DD91BCB94360030BE13 /* asteroid3.3.png in Resources */ = {isa = PBXBuildFile; fileRef = C9A40DBC1BCB94360030BE13 /* asteroid3.3.png */; settings = {ASSET_TAGS = (); }; };
		C9A40DDA1BCB94360030BE13 /* asteroid3.4.png in Resources */ = {isa = PBXBuildFile; fileRef = C9A40DBD1BCB94360030BE13 /* asteroid3.4.png */; settings = {ASSET_TAGS = (); }; };
		C9A40DDB1BCB94360030BE13 /* asteroid4.1.png in Resources */ = {isa = PBXBuildFile; fileRef = C9A40DBE1BCB94360030BE13 /* asteroid4.1.png */; settings = {ASSET_TAGS = (); }; };
		C9A40DDC1BCB94360030BE13 /* asteroid4.2.png in Resources */ = {isa = PBXBuildFile; fileRef = C9A40DBF1BCB94360030BE13 /* asteroid4.2.png */; settings = {ASSET_TAGS = (); }; };
		C9A40DDD1BCB94360030BE13 /* asteroid4.3.png in Resources */ = {isa = PBXBuildFile; fileRef = C9A40DC01BCB94360030BE13 /* asteroid4.3.png */; settings = {ASSET_TAGS = (); }; };
		C9A40DDE1BCB94360030BE13 /* asteroid4.4.png in Resources */ = {isa = PBXBuildFile; fileRef = C9A40DC11BCB94360030BE13 /* asteroid4.4.png */; settings = {ASSET_TAGS = (); }; };
		C9A40DDF1BCB94360030BE13 /* explosion1.png in Resources */ = {isa = PBXBuildFile; fileRef = C9A40DC21BCB94360030BE13 /* explosion1.png */; settings = {ASSET_TAGS = (); }; };
		C9A40DE01BCB94360030BE13 /* explosion2.png in Resources */ = {isa = PBXBuildFile; fileRef = C9A40DC31BCB94360030BE13 /* explosion2.png */; settings = {ASSET_TAGS = (); }; };
		C9A40DE11BCB94360030BE13 /* explosion3.png in Resources */ = {isa = PBXBuildFile; fileRef = C9A40DC41BCB94360030BE13 /* explosion3.png */; settings = {ASSET_TAGS = (); }; };
		C9A40DE21BCB94360030BE13 /* explosion4.png in Resources */ = {isa = PBXBuildFile; fileRef = C9A40DC51BCB94360030BE13 /* explosion4.png */; settings = {ASSET_TAGS = (); }; };
		C9A40DE31BCB94360030BE13 /* explosion5.png in Resources */ = {isa = PBXBuildFile; fileRef = C9A40DC61BCB94360030BE13 /* explosion5.png */; settings = {ASSET_TAGS = (); }; };
		C9A40DE41BCB94360030BE13 /* explosion6.png in Resources */ = {isa = PBXBuildFile; fileRef = C9A40DC71BCB94360030BE13 /* explosion6.png */; settings = {ASSET_TAGS = (); }; };
		C9A40DE51BCB94360030BE13 /* explosion7.png in Resources */ = {isa = PBXBuildFile; fileRef = C9A40DC81BCB94360030BE13 /* explosion7.png */; settings = {ASSET_TAGS = (); }; };
		C9A40DE61BCB94360030BE13 /* explosion8.png in Resources */ = {isa = PBXBuildFile; fileRef = C9A40DC91BCB94360030BE13 /* explosion8.png */; settings = {ASSET_TAGS = (); }; };
		C9A40DE71BCB94360030BE13 /* explosion9.png in Resources */ = {isa = PBXBuildFile; fileRef = C9A40DCA1BCB94360030BE13 /* explosion9.png */; settings = {ASSET_TAGS = (); }; };
		C9A40DE81BCB94360030BE13 /* explosion10.png in Resources */ = {isa = PBXBuildFile; fileRef = C9A40DCB1BCB94360030BE13 /* explosion10.png */; settings = {ASSET_TAGS = (); }; };
		C9A40DE91BCB94360030BE13 /* explosion11.png in Resources */ = {isa = PBXBuildFile; fileRef = C9A40DCC1BCB94360030BE13 /* explosion11.png */; settings = {ASSET_TAGS = (); }; };
		C9A40DEA1BCB94360030BE13 /* explosion12.png in Resources */ = {isa = PBXBuildFile; fileRef = C9A40DCD1BCB94360030BE13 /* explosion12.png */; settings = {ASSET_TAGS = (); }; };
		C9A40DEB1BCB94360030BE13 /* explosion13.png in Resources */ = {isa = PBXBuildFile; fileRef = C9A40DCE1BCB94360030BE13 /* explosion13.png */; settings = {ASSET_TAGS = (); }; };
		C9A40DEF1BCB95380030BE13 /* Sound in Resources */ = {isa = PBXBuildFile; fileRef = C9A40DEE1BCB95380030BE13 /* Sound */; };
		C9C4380D1B8578E200DB5729 /* destroyedView.png in Resources */ = {isa = PBXBuildFile; fileRef = C9C4380B1B8578E200DB5729 /* destroyedView.png */; };
		C9C4380E1B8578E200DB5729 /* startGameView.png in Resources */ = {isa = PBXBuildFile; fileRef = C9C4380C1B8578E200DB5729 /* startGameView.png */; };
		C9EF659B1B840F2400DD5D38 /* starField2.sks in Resources */ = {isa = PBXBuildFile; fileRef = C9EF659A1B840F2400DD5D38 /* starField2.sks */; };
		C9EF659D1B840F3F00DD5D38 /* starField3.sks in Resources */ = {isa = PBXBuildFile; fileRef = C9EF659C1B840F3F00DD5D38 /* starField3.sks */; };
/* End PBXBuildFile section */

/* Begin PBXFileReference section */
		C90EAD051BA547FE0056DBF1 /* Cubellan Bold.ttf */ = {isa = PBXFileReference; lastKnownFileType = file; name = "Cubellan Bold.ttf"; path = "Fonts/Cubellan_v_0_7/Cubellan Bold.ttf"; sourceTree = "<group>"; };
		C90EAD061BA547FE0056DBF1 /* Cubellan Italic.ttf */ = {isa = PBXFileReference; lastKnownFileType = file; name = "Cubellan Italic.ttf"; path = "Fonts/Cubellan_v_0_7/Cubellan Italic.ttf"; sourceTree = "<group>"; };
		C90EAD071BA547FE0056DBF1 /* Cubellan_SC.ttf */ = {isa = PBXFileReference; lastKnownFileType = file; name = Cubellan_SC.ttf; path = Fonts/Cubellan_v_0_7/Cubellan_SC.ttf; sourceTree = "<group>"; };
		C90EAD081BA547FE0056DBF1 /* Cubellan.ttf */ = {isa = PBXFileReference; lastKnownFileType = file; name = Cubellan.ttf; path = Fonts/Cubellan_v_0_7/Cubellan.ttf; sourceTree = "<group>"; };
		C90EAD0D1BA54B500056DBF1 /* Constants.h */ = {isa = PBXFileReference; fileEncoding = 4; lastKnownFileType = sourcecode.c.h; path = Constants.h; sourceTree = "<group>"; };
		C93525861B9C247300F280DE /* laser_beam.png */ = {isa = PBXFileReference; lastKnownFileType = image.png; name = laser_beam.png; path = "Asteroid Quest Images/laser_beam.png"; sourceTree = "<group>"; };
		C93C33011B673D3C00A13973 /* Intel.m */ = {isa = PBXFileReference; fileEncoding = 4; lastKnownFileType = sourcecode.c.objc; path = Intel.m; sourceTree = "<group>"; };
		C93C33031B673D5000A13973 /* Intel.h */ = {isa = PBXFileReference; lastKnownFileType = sourcecode.c.h; path = Intel.h; sourceTree = "<group>"; };
		C94A58C71B741B22006DCAC0 /* SoundManager.h */ = {isa = PBXFileReference; fileEncoding = 4; lastKnownFileType = sourcecode.c.h; name = SoundManager.h; path = "../../Tappy-Plane-master/Tappy Plane/SoundManager.h"; sourceTree = "<group>"; };
		C94A58C81B741B22006DCAC0 /* SoundManager.m */ = {isa = PBXFileReference; fileEncoding = 4; lastKnownFileType = sourcecode.c.objc; name = SoundManager.m; path = "../../Tappy-Plane-master/Tappy Plane/SoundManager.m"; sourceTree = "<group>"; };
		C9646A761B82E75C001375C5 /* starField1.sks */ = {isa = PBXFileReference; lastKnownFileType = file.sks; path = starField1.sks; sourceTree = "<group>"; };
		C972FC231B672E5E00871057 /* Asteroid Quest.app */ = {isa = PBXFileReference; explicitFileType = wrapper.application; includeInIndex = 0; path = "Asteroid Quest.app"; sourceTree = BUILT_PRODUCTS_DIR; };
		C972FC271B672E5E00871057 /* Info.plist */ = {isa = PBXFileReference; lastKnownFileType = text.plist.xml; path = Info.plist; sourceTree = "<group>"; };
		C972FC281B672E5E00871057 /* main.m */ = {isa = PBXFileReference; lastKnownFileType = sourcecode.c.objc; path = main.m; sourceTree = "<group>"; };
		C972FC2A1B672E5E00871057 /* AppDelegate.h */ = {isa = PBXFileReference; lastKnownFileType = sourcecode.c.h; path = AppDelegate.h; sourceTree = "<group>"; };
		C972FC2B1B672E5E00871057 /* AppDelegate.m */ = {isa = PBXFileReference; lastKnownFileType = sourcecode.c.objc; path = AppDelegate.m; sourceTree = "<group>"; };
		C972FC2D1B672E5E00871057 /* SpaceScene.h */ = {isa = PBXFileReference; lastKnownFileType = sourcecode.c.h; path = SpaceScene.h; sourceTree = "<group>"; };
		C972FC2E1B672E5E00871057 /* SpaceScene.m */ = {isa = PBXFileReference; lastKnownFileType = sourcecode.c.objc; path = SpaceScene.m; sourceTree = "<group>"; };
		C972FC321B672E5E00871057 /* GameViewController.h */ = {isa = PBXFileReference; lastKnownFileType = sourcecode.c.h; path = GameViewController.h; sourceTree = "<group>"; };
		C972FC331B672E5E00871057 /* GameViewController.m */ = {isa = PBXFileReference; lastKnownFileType = sourcecode.c.objc; path = GameViewController.m; sourceTree = "<group>"; };
		C972FC381B672E5E00871057 /* Images.xcassets */ = {isa = PBXFileReference; lastKnownFileType = folder.assetcatalog; name = Images.xcassets; path = "Asteroid Quest/Images.xcassets"; sourceTree = "<group>"; };
		C972FC3B1B672E5E00871057 /* Base */ = {isa = PBXFileReference; lastKnownFileType = file.xib; name = Base; path = Base.lproj/LaunchScreen.xib; sourceTree = "<group>"; };
		C975AD7F1B67305600219585 /* Bitmasks.h */ = {isa = PBXFileReference; fileEncoding = 4; lastKnownFileType = sourcecode.c.h; path = Bitmasks.h; sourceTree = "<group>"; };
		C975AD801B67305600219585 /* Math.h */ = {isa = PBXFileReference; fileEncoding = 4; lastKnownFileType = sourcecode.c.h; path = Math.h; sourceTree = "<group>"; };
		C975AD811B67305600219585 /* Math.m */ = {isa = PBXFileReference; fileEncoding = 4; lastKnownFileType = sourcecode.c.objc; path = Math.m; sourceTree = "<group>"; };
		C975AD861B67306800219585 /* Score.h */ = {isa = PBXFileReference; fileEncoding = 4; lastKnownFileType = sourcecode.c.h; path = Score.h; sourceTree = "<group>"; };
		C975AD871B67306800219585 /* Score.m */ = {isa = PBXFileReference; fileEncoding = 4; lastKnownFileType = sourcecode.c.objc; path = Score.m; sourceTree = "<group>"; };
		C975AD881B67306800219585 /* Asteroid.h */ = {isa = PBXFileReference; fileEncoding = 4; lastKnownFileType = sourcecode.c.h; path = Asteroid.h; sourceTree = "<group>"; };
		C975AD891B67306800219585 /* Asteroid.m */ = {isa = PBXFileReference; fileEncoding = 4; lastKnownFileType = sourcecode.c.objc; path = Asteroid.m; sourceTree = "<group>"; };
		C975AD8A1B67306800219585 /* Explosion.h */ = {isa = PBXFileReference; fileEncoding = 4; lastKnownFileType = sourcecode.c.h; path = Explosion.h; sourceTree = "<group>"; };
		C975AD8B1B67306800219585 /* Explosion.m */ = {isa = PBXFileReference; fileEncoding = 4; lastKnownFileType = sourcecode.c.objc; path = Explosion.m; sourceTree = "<group>"; };
		C975ADDF1B67397800219585 /* intel.png */ = {isa = PBXFileReference; lastKnownFileType = image.png; name = intel.png; path = ../SpaceFlight/Readyforgame/intel.png; sourceTree = "<group>"; };
		C975ADE11B6739A900219585 /* Spaceship!.png */ = {isa = PBXFileReference; lastKnownFileType = image.png; name = "Spaceship!.png"; path = "../SpaceFlight/Readyforgame/Spaceship!.png"; sourceTree = "<group>"; };
		C98373F31B6DE80D0077B9CA /* Spaceship.h */ = {isa = PBXFileReference; lastKnownFileType = sourcecode.c.h; path = Spaceship.h; sourceTree = "<group>"; };
		C98373F71B6DE8760077B9CA /* Spaceship.m */ = {isa = PBXFileReference; fileEncoding = 4; lastKnownFileType = sourcecode.c.objc; path = Spaceship.m; sourceTree = "<group>"; };
		C992D85F1BABC89A003F5753 /* space.jpg */ = {isa = PBXFileReference; lastKnownFileType = image.jpeg; name = space.jpg; path = "Asteroid Quest Images/space.jpg"; sourceTree = "<group>"; };
		C9A40DB21BCB94360030BE13 /* asteroid1.1.png */ = {isa = PBXFileReference; lastKnownFileType = image.png; name = asteroid1.1.png; path = "Asteroid Quest Images/asteroid1.1.png"; sourceTree = "<group>"; };
		C9A40DB31BCB94360030BE13 /* asteroid1.2.png */ = {isa = PBXFileReference; lastKnownFileType = image.png; name = asteroid1.2.png; path = "Asteroid Quest Images/asteroid1.2.png"; sourceTree = "<group>"; };
		C9A40DB41BCB94360030BE13 /* asteroid1.3.png */ = {isa = PBXFileReference; lastKnownFileType = image.png; name = asteroid1.3.png; path = "Asteroid Quest Images/asteroid1.3.png"; sourceTree = "<group>"; };
		C9A40DB51BCB94360030BE13 /* asteroid1.4.png */ = {isa = PBXFileReference; lastKnownFileType = image.png; name = asteroid1.4.png; path = "Asteroid Quest Images/asteroid1.4.png"; sourceTree = "<group>"; };
		C9A40DB61BCB94360030BE13 /* asteroid2.1.png */ = {isa = PBXFileReference; lastKnownFileType = image.png; name = asteroid2.1.png; path = "Asteroid Quest Images/asteroid2.1.png"; sourceTree = "<group>"; };
		C9A40DB71BCB94360030BE13 /* asteroid2.2.png */ = {isa = PBXFileReference; lastKnownFileType = image.png; name = asteroid2.2.png; path = "Asteroid Quest Images/asteroid2.2.png"; sourceTree = "<group>"; };
		C9A40DB81BCB94360030BE13 /* asteroid2.3.png */ = {isa = PBXFileReference; lastKnownFileType = image.png; name = asteroid2.3.png; path = "Asteroid Quest Images/asteroid2.3.png"; sourceTree = "<group>"; };
		C9A40DB91BCB94360030BE13 /* asteroid2.4.png */ = {isa = PBXFileReference; lastKnownFileType = image.png; name = asteroid2.4.png; path = "Asteroid Quest Images/asteroid2.4.png"; sourceTree = "<group>"; };
		C9A40DBA1BCB94360030BE13 /* asteroid3.1.png */ = {isa = PBXFileReference; lastKnownFileType = image.png; name = asteroid3.1.png; path = "Asteroid Quest Images/asteroid3.1.png"; sourceTree = "<group>"; };
		C9A40DBB1BCB94360030BE13 /* asteroid3.2.png */ = {isa = PBXFileReference; lastKnownFileType = image.png; name = asteroid3.2.png; path = "Asteroid Quest Images/asteroid3.2.png"; sourceTree = "<group>"; };
		C9A40DBC1BCB94360030BE13 /* asteroid3.3.png */ = {isa = PBXFileReference; lastKnownFileType = image.png; name = asteroid3.3.png; path = "Asteroid Quest Images/asteroid3.3.png"; sourceTree = "<group>"; };
		C9A40DBD1BCB94360030BE13 /* asteroid3.4.png */ = {isa = PBXFileReference; lastKnownFileType = image.png; name = asteroid3.4.png; path = "Asteroid Quest Images/asteroid3.4.png"; sourceTree = "<group>"; };
		C9A40DBE1BCB94360030BE13 /* asteroid4.1.png */ = {isa = PBXFileReference; lastKnownFileType = image.png; name = asteroid4.1.png; path = "Asteroid Quest Images/asteroid4.1.png"; sourceTree = "<group>"; };
		C9A40DBF1BCB94360030BE13 /* asteroid4.2.png */ = {isa = PBXFileReference; lastKnownFileType = image.png; name = asteroid4.2.png; path = "Asteroid Quest Images/asteroid4.2.png"; sourceTree = "<group>"; };
		C9A40DC01BCB94360030BE13 /* asteroid4.3.png */ = {isa = PBXFileReference; lastKnownFileType = image.png; name = asteroid4.3.png; path = "Asteroid Quest Images/asteroid4.3.png"; sourceTree = "<group>"; };
		C9A40DC11BCB94360030BE13 /* asteroid4.4.png */ = {isa = PBXFileReference; lastKnownFileType = image.png; name = asteroid4.4.png; path = "Asteroid Quest Images/asteroid4.4.png"; sourceTree = "<group>"; };
		C9A40DC21BCB94360030BE13 /* explosion1.png */ = {isa = PBXFileReference; lastKnownFileType = image.png; name = explosion1.png; path = "Asteroid Quest Images/explosion1.png"; sourceTree = "<group>"; };
		C9A40DC31BCB94360030BE13 /* explosion2.png */ = {isa = PBXFileReference; lastKnownFileType = image.png; name = explosion2.png; path = "Asteroid Quest Images/explosion2.png"; sourceTree = "<group>"; };
		C9A40DC41BCB94360030BE13 /* explosion3.png */ = {isa = PBXFileReference; lastKnownFileType = image.png; name = explosion3.png; path = "Asteroid Quest Images/explosion3.png"; sourceTree = "<group>"; };
		C9A40DC51BCB94360030BE13 /* explosion4.png */ = {isa = PBXFileReference; lastKnownFileType = image.png; name = explosion4.png; path = "Asteroid Quest Images/explosion4.png"; sourceTree = "<group>"; };
		C9A40DC61BCB94360030BE13 /* explosion5.png */ = {isa = PBXFileReference; lastKnownFileType = image.png; name = explosion5.png; path = "Asteroid Quest Images/explosion5.png"; sourceTree = "<group>"; };
		C9A40DC71BCB94360030BE13 /* explosion6.png */ = {isa = PBXFileReference; lastKnownFileType = image.png; name = explosion6.png; path = "Asteroid Quest Images/explosion6.png"; sourceTree = "<group>"; };
		C9A40DC81BCB94360030BE13 /* explosion7.png */ = {isa = PBXFileReference; lastKnownFileType = image.png; name = explosion7.png; path = "Asteroid Quest Images/explosion7.png"; sourceTree = "<group>"; };
		C9A40DC91BCB94360030BE13 /* explosion8.png */ = {isa = PBXFileReference; lastKnownFileType = image.png; name = explosion8.png; path = "Asteroid Quest Images/explosion8.png"; sourceTree = "<group>"; };
		C9A40DCA1BCB94360030BE13 /* explosion9.png */ = {isa = PBXFileReference; lastKnownFileType = image.png; name = explosion9.png; path = "Asteroid Quest Images/explosion9.png"; sourceTree = "<group>"; };
		C9A40DCB1BCB94360030BE13 /* explosion10.png */ = {isa = PBXFileReference; lastKnownFileType = image.png; name = explosion10.png; path = "Asteroid Quest Images/explosion10.png"; sourceTree = "<group>"; };
		C9A40DCC1BCB94360030BE13 /* explosion11.png */ = {isa = PBXFileReference; lastKnownFileType = image.png; name = explosion11.png; path = "Asteroid Quest Images/explosion11.png"; sourceTree = "<group>"; };
		C9A40DCD1BCB94360030BE13 /* explosion12.png */ = {isa = PBXFileReference; lastKnownFileType = image.png; name = explosion12.png; path = "Asteroid Quest Images/explosion12.png"; sourceTree = "<group>"; };
		C9A40DCE1BCB94360030BE13 /* explosion13.png */ = {isa = PBXFileReference; lastKnownFileType = image.png; name = explosion13.png; path = "Asteroid Quest Images/explosion13.png"; sourceTree = "<group>"; };
		C9A40DED1BCB951E0030BE13 /* asteroid2.2.png */ = {isa = PBXFileReference; lastKnownFileType = image.png; name = asteroid2.2.png; path = "Asteroid Quest Images/asteroid2.2.png"; sourceTree = "<group>"; };
		C9A40DEE1BCB95380030BE13 /* Sound */ = {isa = PBXFileReference; lastKnownFileType = folder; path = Sound; sourceTree = "<group>"; };
		C9C4380B1B8578E200DB5729 /* destroyedView.png */ = {isa = PBXFileReference; lastKnownFileType = image.png; name = destroyedView.png; path = "Asteroid Quest Images/destroyedView.png"; sourceTree = "<group>"; };
		C9C4380C1B8578E200DB5729 /* startGameView.png */ = {isa = PBXFileReference; lastKnownFileType = image.png; name = startGameView.png; path = "Asteroid Quest Images/startGameView.png"; sourceTree = "<group>"; };
		C9DBAB131B781DE200C1DA73 /* Sound */ = {isa = PBXFileReference; lastKnownFileType = folder; name = Sound; path = ../../Downloads/Sound; sourceTree = "<group>"; };
		C9EF659A1B840F2400DD5D38 /* starField2.sks */ = {isa = PBXFileReference; lastKnownFileType = file.sks; path = starField2.sks; sourceTree = "<group>"; };
		C9EF659C1B840F3F00DD5D38 /* starField3.sks */ = {isa = PBXFileReference; lastKnownFileType = file.sks; path = starField3.sks; sourceTree = "<group>"; };
/* End PBXFileReference section */

/* Begin PBXFrameworksBuildPhase section */
		C972FC201B672E5E00871057 /* Frameworks */ = {
			isa = PBXFrameworksBuildPhase;
			buildActionMask = 2147483647;
			files = (
			);
			runOnlyForDeploymentPostprocessing = 0;
		};
/* End PBXFrameworksBuildPhase section */

/* Begin PBXGroup section */
		C972FC1A1B672E5E00871057 = {
			isa = PBXGroup;
			children = (
				C9A40DEE1BCB95380030BE13 /* Sound */,
				C9A40DED1BCB951E0030BE13 /* asteroid2.2.png */,
				C98842251B8582D1002F4BF3 /* Fonts */,
				C9DBAB131B781DE200C1DA73 /* Sound */,
				C975ADCC1B6737D100219585 /* Backgrounds */,
				C975ADCB1B67378C00219585 /* Images */,
				C972FC251B672E5E00871057 /* Asteroid Quest */,
				C972FC381B672E5E00871057 /* Images.xcassets */,
				C972FC261B672E5E00871057 /* Supporting Files */,
				C972FC241B672E5E00871057 /* Products */,
			);
			sourceTree = "<group>";
		};
		C972FC241B672E5E00871057 /* Products */ = {
			isa = PBXGroup;
			children = (
				C972FC231B672E5E00871057 /* Asteroid Quest.app */,
			);
			name = Products;
			sourceTree = "<group>";
		};
		C972FC251B672E5E00871057 /* Asteroid Quest */ = {
			isa = PBXGroup;
			children = (
				C90EAD0D1BA54B500056DBF1 /* Constants.h */,
				C975AD7F1B67305600219585 /* Bitmasks.h */,
				C94A58C71B741B22006DCAC0 /* SoundManager.h */,
				C94A58C81B741B22006DCAC0 /* SoundManager.m */,
				C975AD861B67306800219585 /* Score.h */,
				C975AD871B67306800219585 /* Score.m */,
				C93C33031B673D5000A13973 /* Intel.h */,
				C93C33011B673D3C00A13973 /* Intel.m */,
				C975AD881B67306800219585 /* Asteroid.h */,
				C975AD891B67306800219585 /* Asteroid.m */,
				C975AD8A1B67306800219585 /* Explosion.h */,
				C975AD8B1B67306800219585 /* Explosion.m */,
				C98373F31B6DE80D0077B9CA /* Spaceship.h */,
				C98373F71B6DE8760077B9CA /* Spaceship.m */,
				C975AD801B67305600219585 /* Math.h */,
				C975AD811B67305600219585 /* Math.m */,
				C972FC2A1B672E5E00871057 /* AppDelegate.h */,
				C972FC2B1B672E5E00871057 /* AppDelegate.m */,
				C9646A761B82E75C001375C5 /* starField1.sks */,
				C9EF659A1B840F2400DD5D38 /* starField2.sks */,
				C9EF659C1B840F3F00DD5D38 /* starField3.sks */,
				C972FC2D1B672E5E00871057 /* SpaceScene.h */,
				C972FC2E1B672E5E00871057 /* SpaceScene.m */,
				C972FC321B672E5E00871057 /* GameViewController.h */,
				C972FC331B672E5E00871057 /* GameViewController.m */,
				C972FC3A1B672E5E00871057 /* LaunchScreen.xib */,
			);
			path = "Asteroid Quest";
			sourceTree = "<group>";
		};
		C972FC261B672E5E00871057 /* Supporting Files */ = {
			isa = PBXGroup;
			children = (
				C972FC271B672E5E00871057 /* Info.plist */,
				C972FC281B672E5E00871057 /* main.m */,
			);
			name = "Supporting Files";
			path = "Asteroid Quest";
			sourceTree = "<group>";
		};
		C975ADCB1B67378C00219585 /* Images */ = {
			isa = PBXGroup;
			children = (
				C9C4380B1B8578E200DB5729 /* destroyedView.png */,
				C9C4380C1B8578E200DB5729 /* startGameView.png */,
				C975ADE11B6739A900219585 /* Spaceship!.png */,
				C975ADDF1B67397800219585 /* intel.png */,
				C93525861B9C247300F280DE /* laser_beam.png */,
				C9A40DB21BCB94360030BE13 /* asteroid1.1.png */,
				C9A40DB31BCB94360030BE13 /* asteroid1.2.png */,
				C9A40DB41BCB94360030BE13 /* asteroid1.3.png */,
				C9A40DB51BCB94360030BE13 /* asteroid1.4.png */,
				C9A40DB61BCB94360030BE13 /* asteroid2.1.png */,
				C9A40DB71BCB94360030BE13 /* asteroid2.2.png */,
				C9A40DB81BCB94360030BE13 /* asteroid2.3.png */,
				C9A40DB91BCB94360030BE13 /* asteroid2.4.png */,
				C9A40DBA1BCB94360030BE13 /* asteroid3.1.png */,
				C9A40DBB1BCB94360030BE13 /* asteroid3.2.png */,
				C9A40DBC1BCB94360030BE13 /* asteroid3.3.png */,
				C9A40DBD1BCB94360030BE13 /* asteroid3.4.png */,
				C9A40DBE1BCB94360030BE13 /* asteroid4.1.png */,
				C9A40DBF1BCB94360030BE13 /* asteroid4.2.png */,
				C9A40DC01BCB94360030BE13 /* asteroid4.3.png */,
				C9A40DC11BCB94360030BE13 /* asteroid4.4.png */,
				C9A40DC21BCB94360030BE13 /* explosion1.png */,
				C9A40DC31BCB94360030BE13 /* explosion2.png */,
				C9A40DC41BCB94360030BE13 /* explosion3.png */,
				C9A40DC51BCB94360030BE13 /* explosion4.png */,
				C9A40DC61BCB94360030BE13 /* explosion5.png */,
				C9A40DC71BCB94360030BE13 /* explosion6.png */,
				C9A40DC81BCB94360030BE13 /* explosion7.png */,
				C9A40DC91BCB94360030BE13 /* explosion8.png */,
				C9A40DCA1BCB94360030BE13 /* explosion9.png */,
				C9A40DCB1BCB94360030BE13 /* explosion10.png */,
				C9A40DCC1BCB94360030BE13 /* explosion11.png */,
				C9A40DCD1BCB94360030BE13 /* explosion12.png */,
				C9A40DCE1BCB94360030BE13 /* explosion13.png */,
			);
			name = Images;
			sourceTree = "<group>";
		};
		C975ADCC1B6737D100219585 /* Backgrounds */ = {
			isa = PBXGroup;
			children = (
				C992D85F1BABC89A003F5753 /* space.jpg */,
			);
			name = Backgrounds;
			sourceTree = "<group>";
		};
		C98842251B8582D1002F4BF3 /* Fonts */ = {
			isa = PBXGroup;
			children = (
				C90EAD051BA547FE0056DBF1 /* Cubellan Bold.ttf */,
				C90EAD061BA547FE0056DBF1 /* Cubellan Italic.ttf */,
				C90EAD071BA547FE0056DBF1 /* Cubellan_SC.ttf */,
				C90EAD081BA547FE0056DBF1 /* Cubellan.ttf */,
			);
			name = Fonts;
			sourceTree = "<group>";
		};
/* End PBXGroup section */

/* Begin PBXNativeTarget section */
		C972FC221B672E5E00871057 /* Asteroid Quest */ = {
			isa = PBXNativeTarget;
			buildConfigurationList = C972FC4B1B672E5E00871057 /* Build configuration list for PBXNativeTarget "Asteroid Quest" */;
			buildPhases = (
				C972FC1F1B672E5E00871057 /* Sources */,
				C972FC201B672E5E00871057 /* Frameworks */,
				C972FC211B672E5E00871057 /* Resources */,
			);
			buildRules = (
			);
			dependencies = (
			);
			name = "Asteroid Quest";
			productName = "Asteroid Quest";
			productReference = C972FC231B672E5E00871057 /* Asteroid Quest.app */;
			productType = "com.apple.product-type.application";
		};
/* End PBXNativeTarget section */

/* Begin PBXProject section */
		C972FC1B1B672E5E00871057 /* Project object */ = {
			isa = PBXProject;
			attributes = {
				LastSwiftUpdateCheck = 0700;
				LastUpgradeCheck = 0700;
				ORGANIZATIONNAME = "Matthew Brooker";
				TargetAttributes = {
					C972FC221B672E5E00871057 = {
						CreatedOnToolsVersion = 6.3.2;
					};
				};
			};
			buildConfigurationList = C972FC1E1B672E5E00871057 /* Build configuration list for PBXProject "Asteroid Quest" */;
			compatibilityVersion = "Xcode 6.3";
			developmentRegion = English;
			hasScannedForEncodings = 0;
			knownRegions = (
				en,
				Base,
			);
			mainGroup = C972FC1A1B672E5E00871057;
			productRefGroup = C972FC241B672E5E00871057 /* Products */;
			projectDirPath = "";
			projectRoot = "";
			targets = (
				C972FC221B672E5E00871057 /* Asteroid Quest */,
			);
		};
/* End PBXProject section */

/* Begin PBXResourcesBuildPhase section */
		C972FC211B672E5E00871057 /* Resources */ = {
			isa = PBXResourcesBuildPhase;
			buildActionMask = 2147483647;
			files = (
				C9A40DEF1BCB95380030BE13 /* Sound in Resources */,
				C9A40DD41BCB94360030BE13 /* asteroid2.2.png in Resources */,
				C9A40DD61BCB94360030BE13 /* asteroid2.4.png in Resources */,
				C90EAD091BA548480056DBF1 /* Cubellan Bold.ttf in Resources */,
				C90EAD0C1BA5484F0056DBF1 /* Cubellan.ttf in Resources */,
				C9A40DE11BCB94360030BE13 /* explosion3.png in Resources */,
				C975ADE21B6739A900219585 /* Spaceship!.png in Resources */,
				C9A40DD11BCB94360030BE13 /* asteroid1.3.png in Resources */,
				C9A40DD91BCB94360030BE13 /* asteroid3.3.png in Resources */,
				C9A40DE81BCB94360030BE13 /* explosion10.png in Resources */,
				C9A40DE31BCB94360030BE13 /* explosion5.png in Resources */,
				C9A40DD81BCB94360030BE13 /* asteroid3.2.png in Resources */,
				C9A40DD01BCB94360030BE13 /* asteroid1.2.png in Resources */,
				C9A40DDB1BCB94360030BE13 /* asteroid4.1.png in Resources */,
				C9A40DE91BCB94360030BE13 /* explosion11.png in Resources */,
				C9A40DEA1BCB94360030BE13 /* explosion12.png in Resources */,
				C972FC3C1B672E5E00871057 /* LaunchScreen.xib in Resources */,
				C972FC391B672E5E00871057 /* Images.xcassets in Resources */,
				C9A40DE21BCB94360030BE13 /* explosion4.png in Resources */,
				C9EF659B1B840F2400DD5D38 /* starField2.sks in Resources */,
				C90EAD0A1BA5484B0056DBF1 /* Cubellan Italic.ttf in Resources */,
				C9A40DD31BCB94360030BE13 /* asteroid2.1.png in Resources */,
				C9EF659D1B840F3F00DD5D38 /* starField3.sks in Resources */,
				C9A40DEB1BCB94360030BE13 /* explosion13.png in Resources */,
				C9A40DE71BCB94360030BE13 /* explosion9.png in Resources */,
				C9A40DE41BCB94360030BE13 /* explosion6.png in Resources */,
				C90EAD0B1BA5484D0056DBF1 /* Cubellan_SC.ttf in Resources */,
				C9A40DD21BCB94360030BE13 /* asteroid1.4.png in Resources */,
				C9A40DDE1BCB94360030BE13 /* asteroid4.4.png in Resources */,
				C9A40DD71BCB94360030BE13 /* asteroid3.1.png in Resources */,
				C9A40DD51BCB94360030BE13 /* asteroid2.3.png in Resources */,
				C9A40DE01BCB94360030BE13 /* explosion2.png in Resources */,
				C9A40DDC1BCB94360030BE13 /* asteroid4.2.png in Resources */,
				C93525871B9C247300F280DE /* laser_beam.png in Resources */,
				C9C4380E1B8578E200DB5729 /* startGameView.png in Resources */,
				C9A40DDD1BCB94360030BE13 /* asteroid4.3.png in Resources */,
				C9A40DDA1BCB94360030BE13 /* asteroid3.4.png in Resources */,
				C9A40DE51BCB94360030BE13 /* explosion7.png in Resources */,
				C992D8611BABC89A003F5753 /* space.jpg in Resources */,
				C9A40DE61BCB94360030BE13 /* explosion8.png in Resources */,
				C975ADE01B67397800219585 /* intel.png in Resources */,
				C9A40DCF1BCB94360030BE13 /* asteroid1.1.png in Resources */,
				C9C4380D1B8578E200DB5729 /* destroyedView.png in Resources */,
				C9A40DDF1BCB94360030BE13 /* explosion1.png in Resources */,
			);
			runOnlyForDeploymentPostprocessing = 0;
		};
/* End PBXResourcesBuildPhase section */

/* Begin PBXSourcesBuildPhase section */
		C972FC1F1B672E5E00871057 /* Sources */ = {
			isa = PBXSourcesBuildPhase;
			buildActionMask = 2147483647;
			files = (
				C975AD8D1B67306800219585 /* Asteroid.m in Sources */,
				C98373F81B6DE8760077B9CA /* Spaceship.m in Sources */,
				C975AD841B67305600219585 /* Math.m in Sources */,
				C972FC341B672E5E00871057 /* GameViewController.m in Sources */,
				C975AD8E1B67306800219585 /* Explosion.m in Sources */,
				C972FC2C1B672E5E00871057 /* AppDelegate.m in Sources */,
				C93C33021B673D3C00A13973 /* Intel.m in Sources */,
				C975AD8C1B67306800219585 /* Score.m in Sources */,
				C94A58C91B741B22006DCAC0 /* SoundManager.m in Sources */,
				C972FC2F1B672E5E00871057 /* SpaceScene.m in Sources */,
				C972FC291B672E5E00871057 /* main.m in Sources */,
			);
			runOnlyForDeploymentPostprocessing = 0;
		};
/* End PBXSourcesBuildPhase section */

/* Begin PBXVariantGroup section */
		C972FC3A1B672E5E00871057 /* LaunchScreen.xib */ = {
			isa = PBXVariantGroup;
			children = (
				C972FC3B1B672E5E00871057 /* Base */,
			);
			name = LaunchScreen.xib;
			sourceTree = "<group>";
		};
/* End PBXVariantGroup section */

/* Begin XCBuildConfiguration section */
		C972FC491B672E5E00871057 /* Debug */ = {
			isa = XCBuildConfiguration;
			buildSettings = {
				ALWAYS_SEARCH_USER_PATHS = NO;
				CLANG_CXX_LANGUAGE_STANDARD = "gnu++0x";
				CLANG_CXX_LIBRARY = "libc++";
				CLANG_ENABLE_MODULES = YES;
				CLANG_ENABLE_OBJC_ARC = YES;
				CLANG_WARN_BOOL_CONVERSION = YES;
				CLANG_WARN_CONSTANT_CONVERSION = YES;
				CLANG_WARN_DIRECT_OBJC_ISA_USAGE = YES_ERROR;
				CLANG_WARN_EMPTY_BODY = YES;
				CLANG_WARN_ENUM_CONVERSION = YES;
				CLANG_WARN_INT_CONVERSION = YES;
				CLANG_WARN_OBJC_ROOT_CLASS = YES_ERROR;
				CLANG_WARN_UNREACHABLE_CODE = YES;
				CLANG_WARN__DUPLICATE_METHOD_MATCH = YES;
				"CODE_SIGN_IDENTITY[sdk=iphoneos*]" = "iPhone Developer";
				COPY_PHASE_STRIP = NO;
				DEBUG_INFORMATION_FORMAT = "dwarf-with-dsym";
				ENABLE_STRICT_OBJC_MSGSEND = YES;
				ENABLE_TESTABILITY = YES;
				GCC_C_LANGUAGE_STANDARD = gnu99;
				GCC_DYNAMIC_NO_PIC = NO;
				GCC_NO_COMMON_BLOCKS = YES;
				GCC_OPTIMIZATION_LEVEL = 0;
				GCC_PREPROCESSOR_DEFINITIONS = (
					"DEBUG=1",
					"$(inherited)",
				);
				GCC_SYMBOLS_PRIVATE_EXTERN = NO;
				GCC_WARN_64_TO_32_BIT_CONVERSION = YES;
				GCC_WARN_ABOUT_RETURN_TYPE = YES_ERROR;
				GCC_WARN_UNDECLARED_SELECTOR = YES;
				GCC_WARN_UNINITIALIZED_AUTOS = YES_AGGRESSIVE;
				GCC_WARN_UNUSED_FUNCTION = YES;
				GCC_WARN_UNUSED_VARIABLE = YES;
				IPHONEOS_DEPLOYMENT_TARGET = 8.3;
				MTL_ENABLE_DEBUG_INFO = YES;
				ONLY_ACTIVE_ARCH = YES;
				SDKROOT = iphoneos;
			};
			name = Debug;
		};
		C972FC4A1B672E5E00871057 /* Release */ = {
			isa = XCBuildConfiguration;
			buildSettings = {
				ALWAYS_SEARCH_USER_PATHS = NO;
				CLANG_CXX_LANGUAGE_STANDARD = "gnu++0x";
				CLANG_CXX_LIBRARY = "libc++";
				CLANG_ENABLE_MODULES = YES;
				CLANG_ENABLE_OBJC_ARC = YES;
				CLANG_WARN_BOOL_CONVERSION = YES;
				CLANG_WARN_CONSTANT_CONVERSION = YES;
				CLANG_WARN_DIRECT_OBJC_ISA_USAGE = YES_ERROR;
				CLANG_WARN_EMPTY_BODY = YES;
				CLANG_WARN_ENUM_CONVERSION = YES;
				CLANG_WARN_INT_CONVERSION = YES;
				CLANG_WARN_OBJC_ROOT_CLASS = YES_ERROR;
				CLANG_WARN_UNREACHABLE_CODE = YES;
				CLANG_WARN__DUPLICATE_METHOD_MATCH = YES;
				"CODE_SIGN_IDENTITY[sdk=iphoneos*]" = "iPhone Developer";
				COPY_PHASE_STRIP = NO;
				DEBUG_INFORMATION_FORMAT = "dwarf-with-dsym";
				ENABLE_NS_ASSERTIONS = NO;
				ENABLE_STRICT_OBJC_MSGSEND = YES;
				GCC_C_LANGUAGE_STANDARD = gnu99;
				GCC_NO_COMMON_BLOCKS = YES;
				GCC_WARN_64_TO_32_BIT_CONVERSION = YES;
				GCC_WARN_ABOUT_RETURN_TYPE = YES_ERROR;
				GCC_WARN_UNDECLARED_SELECTOR = YES;
				GCC_WARN_UNINITIALIZED_AUTOS = YES_AGGRESSIVE;
				GCC_WARN_UNUSED_FUNCTION = YES;
				GCC_WARN_UNUSED_VARIABLE = YES;
				IPHONEOS_DEPLOYMENT_TARGET = 8.3;
				MTL_ENABLE_DEBUG_INFO = NO;
				SDKROOT = iphoneos;
				VALIDATE_PRODUCT = YES;
			};
			name = Release;
		};
		C972FC4C1B672E5E00871057 /* Debug */ = {
			isa = XCBuildConfiguration;
			buildSettings = {
				ASSETCATALOG_COMPILER_APPICON_NAME = AppIcon;
				ASSETCATALOG_COMPILER_LAUNCHIMAGE_NAME = LaunchImage;
				CLANG_ENABLE_MODULES = YES;
				CODE_SIGN_IDENTITY = "iPhone Developer";
				DEFINES_MODULE = YES;
				INFOPLIST_FILE = "Asteroid Quest/Info.plist";
				IPHONEOS_DEPLOYMENT_TARGET = 7.0;
				LD_RUNPATH_SEARCH_PATHS = "$(inherited) @executable_path/Frameworks";
				PRODUCT_BUNDLE_IDENTIFIER = "MB.$(PRODUCT_NAME:rfc1034identifier)";
				PRODUCT_NAME = "$(TARGET_NAME)";
				SWIFT_OBJC_BRIDGING_HEADER = "Asteroid Quest/Asteroid Quest-Bridging-Header.h";
				SWIFT_OPTIMIZATION_LEVEL = "-Onone";
				TARGETED_DEVICE_FAMILY = "1,2";
			};
			name = Debug;
		};
		C972FC4D1B672E5E00871057 /* Release */ = {
			isa = XCBuildConfiguration;
			buildSettings = {
				ASSETCATALOG_COMPILER_APPICON_NAME = AppIcon;
				ASSETCATALOG_COMPILER_LAUNCHIMAGE_NAME = LaunchImage;
				CLANG_ENABLE_MODULES = YES;
				CODE_SIGN_IDENTITY = "iPhone Developer";
				DEFINES_MODULE = YES;
				INFOPLIST_FILE = "Asteroid Quest/Info.plist";
				IPHONEOS_DEPLOYMENT_TARGET = 7.0;
				LD_RUNPATH_SEARCH_PATHS = "$(inherited) @executable_path/Frameworks";
				PRODUCT_BUNDLE_IDENTIFIER = "MB.$(PRODUCT_NAME:rfc1034identifier)";
				PRODUCT_NAME = "$(TARGET_NAME)";
				SWIFT_OBJC_BRIDGING_HEADER = "Asteroid Quest/Asteroid Quest-Bridging-Header.h";
				TARGETED_DEVICE_FAMILY = "1,2";
			};
			name = Release;
		};
/* End XCBuildConfiguration section */

/* Begin XCConfigurationList section */
		C972FC1E1B672E5E00871057 /* Build configuration list for PBXProject "Asteroid Quest" */ = {
			isa = XCConfigurationList;
			buildConfigurations = (
				C972FC491B672E5E00871057 /* Debug */,
				C972FC4A1B672E5E00871057 /* Release */,
			);
			defaultConfigurationIsVisible = 0;
			defaultConfigurationName = Release;
		};
		C972FC4B1B672E5E00871057 /* Build configuration list for PBXNativeTarget "Asteroid Quest" */ = {
			isa = XCConfigurationList;
			buildConfigurations = (
				C972FC4C1B672E5E00871057 /* Debug */,
				C972FC4D1B672E5E00871057 /* Release */,
			);
			defaultConfigurationIsVisible = 0;
			defaultConfigurationName = Release;
		};
/* End XCConfigurationList section */
	};
	rootObject = C972FC1B1B672E5E00871057 /* Project object */;
}
